
Microsoft Visual Studio Solution File, Format Version 12.00
# Visual Studio Version 16
VisualStudioVersion = 16.0.31702.278
MinimumVisualStudioVersion = 10.0.40219.1
Project("{8BC9CEB8-8B4A-11D0-8D11-00A0C91BC942}") = "baitapnhomll", "baitapnhomll\baitapnhomll.vcxproj", "{AC55EF31-E07F-40E7-8013-4F13738F1AB3}"
EndProject
Global
	GlobalSection(SolutionConfigurationPlatforms) = preSolution
		Debug|x64 = Debug|x64
		Debug|x86 = Debug|x86
		Release|x64 = Release|x64
		Release|x86 = Release|x86
	EndGlobalSection
	GlobalSection(ProjectConfigurationPlatforms) = postSolution
		{AC55EF31-E07F-40E7-8013-4F13738F1AB3}.Debug|x64.ActiveCfg = Debug|x64
		{AC55EF31-E07F-40E7-8013-4F13738F1AB3}.Debug|x64.Build.0 = Debug|x64
		{AC55EF31-E07F-40E7-8013-4F13738F1AB3}.Debug|x86.ActiveCfg = Debug|Win32
		{AC55EF31-E07F-40E7-8013-4F13738F1AB3}.Debug|x86.Build.0 = Debug|Win32
		{AC55EF31-E07F-40E7-8013-4F13738F1AB3}.Release|x64.ActiveCfg = Release|x64
		{AC55EF31-E07F-40E7-8013-4F13738F1AB3}.Release|x64.Build.0 = Release|x64
		{AC55EF31-E07F-40E7-8013-4F13738F1AB3}.Release|x86.ActiveCfg = Release|Win32
		{AC55EF31-E07F-40E7-8013-4F13738F1AB3}.Release|x86.Build.0 = Release|Win32
	EndGlobalSection
	GlobalSection(SolutionProperties) = preSolution
		HideSolutionNode = FALSE
	EndGlobalSection
	GlobalSection(ExtensibilityGlobals) = postSolution
		SolutionGuid = {05E0F956-458D-4DB9-B4FF-249927A7341C}
	EndGlobalSection
EndGlobal
